{
  "name": "httprunner-external-runtime-demo",
  "version": "0.1.0",
  "lockfileVersion": 3,
  "requires": true,
  "packages": {
    "": {
      "name": "httprunner-external-runtime-demo",
      "version": "0.1.0",
      "license": "MIT",
      "dependencies": {
        "dayjs": "^1.11.13"
      }
    },
    "node_modules/dayjs": {
      "version": "1.11.18",
      "resolved": "https://registry.npmjs.org/dayjs/-/dayjs-1.11.18.tgz",
      "integrity": "sha512-zFBQ7WFRvVRhKcWoUh+ZA1g2HVgUbsZm9sbddh8EC5iv93sui8DVVz1Npvz+r6meo9VKfa8NyLWBsQK1VvIKPA==",
      "license": "MIT"
    }
  }
}
